
Microsoft Visual Studio Solution File, Format Version 12.00
# Visual Studio Version 17
VisualStudioVersion = 17.11.35219.272
MinimumVisualStudioVersion = 10.0.40219.1
Project("{FAE04EC0-301F-11D3-BF4B-00C04F79EFBC}") = "ShoesApp.Entidades", "ShoesApp.Entidades\ShoesApp.Entidades.csproj", "{4DE8F6CB-3732-4B6E-86E8-48FFE263C558}"
EndProject
Project("{FAE04EC0-301F-11D3-BF4B-00C04F79EFBC}") = "ShoesApp.Datos", "ShoesApp.Datos\ShoesApp.Datos.csproj", "{B11B33F4-FB44-48B7-85D6-345DF1B29A7A}"
EndProject
Project("{FAE04EC0-301F-11D3-BF4B-00C04F79EFBC}") = "ShoesApp.Ioc", "ShoesApp.Ioc\ShoesApp.Ioc.csproj", "{FA5EC51C-EEFD-4572-B9FB-B4D9618236EC}"
EndProject
Project("{FAE04EC0-301F-11D3-BF4B-00C04F79EFBC}") = "ShoesApp.Servicios", "ShoesApp.Servicios\ShoesApp.Servicios.csproj", "{71A976D5-9E03-4618-8945-9E92316F05A8}"
EndProject
Project("{FAE04EC0-301F-11D3-BF4B-00C04F79EFBC}") = "ShoesApp.Web", "ShoesApp.Web\ShoesApp.Web.csproj", "{683439B3-49A1-4650-AF77-1BC33FD10FE8}"
EndProject
Global
	GlobalSection(SolutionConfigurationPlatforms) = preSolution
		Debug|Any CPU = Debug|Any CPU
		Release|Any CPU = Release|Any CPU
	EndGlobalSection
	GlobalSection(ProjectConfigurationPlatforms) = postSolution
		{4DE8F6CB-3732-4B6E-86E8-48FFE263C558}.Debug|Any CPU.ActiveCfg = Debug|Any CPU
		{4DE8F6CB-3732-4B6E-86E8-48FFE263C558}.Debug|Any CPU.Build.0 = Debug|Any CPU
		{4DE8F6CB-3732-4B6E-86E8-48FFE263C558}.Release|Any CPU.ActiveCfg = Release|Any CPU
		{4DE8F6CB-3732-4B6E-86E8-48FFE263C558}.Release|Any CPU.Build.0 = Release|Any CPU
		{B11B33F4-FB44-48B7-85D6-345DF1B29A7A}.Debug|Any CPU.ActiveCfg = Debug|Any CPU
		{B11B33F4-FB44-48B7-85D6-345DF1B29A7A}.Debug|Any CPU.Build.0 = Debug|Any CPU
		{B11B33F4-FB44-48B7-85D6-345DF1B29A7A}.Release|Any CPU.ActiveCfg = Release|Any CPU
		{B11B33F4-FB44-48B7-85D6-345DF1B29A7A}.Release|Any CPU.Build.0 = Release|Any CPU
		{FA5EC51C-EEFD-4572-B9FB-B4D9618236EC}.Debug|Any CPU.ActiveCfg = Debug|Any CPU
		{FA5EC51C-EEFD-4572-B9FB-B4D9618236EC}.Debug|Any CPU.Build.0 = Debug|Any CPU
		{FA5EC51C-EEFD-4572-B9FB-B4D9618236EC}.Release|Any CPU.ActiveCfg = Release|Any CPU
		{FA5EC51C-EEFD-4572-B9FB-B4D9618236EC}.Release|Any CPU.Build.0 = Release|Any CPU
		{71A976D5-9E03-4618-8945-9E92316F05A8}.Debug|Any CPU.ActiveCfg = Debug|Any CPU
		{71A976D5-9E03-4618-8945-9E92316F05A8}.Debug|Any CPU.Build.0 = Debug|Any CPU
		{71A976D5-9E03-4618-8945-9E92316F05A8}.Release|Any CPU.ActiveCfg = Release|Any CPU
		{71A976D5-9E03-4618-8945-9E92316F05A8}.Release|Any CPU.Build.0 = Release|Any CPU
		{683439B3-49A1-4650-AF77-1BC33FD10FE8}.Debug|Any CPU.ActiveCfg = Debug|Any CPU
		{683439B3-49A1-4650-AF77-1BC33FD10FE8}.Debug|Any CPU.Build.0 = Debug|Any CPU
		{683439B3-49A1-4650-AF77-1BC33FD10FE8}.Release|Any CPU.ActiveCfg = Release|Any CPU
		{683439B3-49A1-4650-AF77-1BC33FD10FE8}.Release|Any CPU.Build.0 = Release|Any CPU
	EndGlobalSection
	GlobalSection(SolutionProperties) = preSolution
		HideSolutionNode = FALSE
	EndGlobalSection
	GlobalSection(ExtensibilityGlobals) = postSolution
		SolutionGuid = {078024BA-C4DD-473E-8805-0DD09078C630}
	EndGlobalSection
EndGlobal
